
Microsoft Visual Studio Solution File, Format Version 12.00
# Visual Studio Version 17
VisualStudioVersion = 17.5.002.0
MinimumVisualStudioVersion = 10.0.40219.1
Project("{9A19103F-16F7-4668-BE54-9A1E7A4F7556}") = "Module4Lab", "Module4Lab\Module4Lab.csproj", "{6327ED77-6EFC-441C-96D7-C1D464FEE2B0}"
EndProject
Global
	GlobalSection(SolutionConfigurationPlatforms) = preSolution
		Debug|Any CPU = Debug|Any CPU
		Release|Any CPU = Release|Any CPU
	EndGlobalSection
	GlobalSection(ProjectConfigurationPlatforms) = postSolution
		{6327ED77-6EFC-441C-96D7-C1D464FEE2B0}.Debug|Any CPU.ActiveCfg = Debug|Any CPU
		{6327ED77-6EFC-441C-96D7-C1D464FEE2B0}.Debug|Any CPU.Build.0 = Debug|Any CPU
		{6327ED77-6EFC-441C-96D7-C1D464FEE2B0}.Release|Any CPU.ActiveCfg = Release|Any CPU
		{6327ED77-6EFC-441C-96D7-C1D464FEE2B0}.Release|Any CPU.Build.0 = Release|Any CPU
	EndGlobalSection
	GlobalSection(SolutionProperties) = preSolution
		HideSolutionNode = FALSE
	EndGlobalSection
	GlobalSection(ExtensibilityGlobals) = postSolution
		SolutionGuid = {9926FAFA-2B67-41F1-ACFF-BCCD98386F25}
	EndGlobalSection
EndGlobal
